// !$*UTF8*$!
{
	archiveVersion = 1;
	classes = {
	};
	objectVersion = 56;
	objects = {

/* Begin PBXBuildFile section */
		AE8E659B2A01109E00DFB1A9 /* AppDelegate.swift in Sources */ = {isa = PBXBuildFile; fileRef = AE8E659A2A01109E00DFB1A9 /* AppDelegate.swift */; };
		AE8E659D2A01109E00DFB1A9 /* SceneDelegate.swift in Sources */ = {isa = PBXBuildFile; fileRef = AE8E659C2A01109E00DFB1A9 /* SceneDelegate.swift */; };
		AE8E659F2A01109E00DFB1A9 /* LoginViewController.swift in Sources */ = {isa = PBXBuildFile; fileRef = AE8E659E2A01109E00DFB1A9 /* LoginViewController.swift */; };
		AE8E65A22A01109E00DFB1A9 /* LoginScreen.storyboard in Resources */ = {isa = PBXBuildFile; fileRef = AE8E65A02A01109E00DFB1A9 /* LoginScreen.storyboard */; };
		AE8E65A42A0110A100DFB1A9 /* Assets.xcassets in Resources */ = {isa = PBXBuildFile; fileRef = AE8E65A32A0110A100DFB1A9 /* Assets.xcassets */; };
		AE8E65A72A0110A100DFB1A9 /* LaunchScreen.storyboard in Resources */ = {isa = PBXBuildFile; fileRef = AE8E65A52A0110A100DFB1A9 /* LaunchScreen.storyboard */; };
		AE8E65B22A0115D200DFB1A9 /* APIRequest.swift in Sources */ = {isa = PBXBuildFile; fileRef = AE8E65B12A0115D200DFB1A9 /* APIRequest.swift */; };
		AE8E65B52A01160800DFB1A9 /* APIManager.swift in Sources */ = {isa = PBXBuildFile; fileRef = AE8E65B42A01160800DFB1A9 /* APIManager.swift */; };
		AE8E65B72A01164D00DFB1A9 /* AppConstants.swift in Sources */ = {isa = PBXBuildFile; fileRef = AE8E65B62A01164D00DFB1A9 /* AppConstants.swift */; };
		AE8E65B92A0116D700DFB1A9 /* LoginService.swift in Sources */ = {isa = PBXBuildFile; fileRef = AE8E65B82A0116D700DFB1A9 /* LoginService.swift */; };
		AE8E65C02A01180300DFB1A9 /* LoginResponse.swift in Sources */ = {isa = PBXBuildFile; fileRef = AE8E65BF2A01180300DFB1A9 /* LoginResponse.swift */; };
		AE8E65C32A011AA700DFB1A9 /* LoginViewModel.swift in Sources */ = {isa = PBXBuildFile; fileRef = AE8E65C22A011AA700DFB1A9 /* LoginViewModel.swift */; };
		AE8E65C52A0122A200DFB1A9 /* LoginInput.swift in Sources */ = {isa = PBXBuildFile; fileRef = AE8E65C42A0122A200DFB1A9 /* LoginInput.swift */; };
		AE8E65C72A013C1800DFB1A9 /* Authentication.swift in Sources */ = {isa = PBXBuildFile; fileRef = AE8E65C62A013C1800DFB1A9 /* Authentication.swift */; };
		AE8E65C92A013CE700DFB1A9 /* UserInfo.swift in Sources */ = {isa = PBXBuildFile; fileRef = AE8E65C82A013CE700DFB1A9 /* UserInfo.swift */; };
		AECEBB572A016E0200047F5B /* ErrorResponse.swift in Sources */ = {isa = PBXBuildFile; fileRef = AECEBB562A016E0200047F5B /* ErrorResponse.swift */; };
/* End PBXBuildFile section */

/* Begin PBXFileReference section */
		AE8E65972A01109E00DFB1A9 /* BauBuddy.app */ = {isa = PBXFileReference; explicitFileType = wrapper.application; includeInIndex = 0; path = BauBuddy.app; sourceTree = BUILT_PRODUCTS_DIR; };
		AE8E659A2A01109E00DFB1A9 /* AppDelegate.swift */ = {isa = PBXFileReference; lastKnownFileType = sourcecode.swift; path = AppDelegate.swift; sourceTree = "<group>"; };
		AE8E659C2A01109E00DFB1A9 /* SceneDelegate.swift */ = {isa = PBXFileReference; lastKnownFileType = sourcecode.swift; path = SceneDelegate.swift; sourceTree = "<group>"; };
		AE8E659E2A01109E00DFB1A9 /* LoginViewController.swift */ = {isa = PBXFileReference; lastKnownFileType = sourcecode.swift; path = LoginViewController.swift; sourceTree = "<group>"; };
		AE8E65A12A01109E00DFB1A9 /* Base */ = {isa = PBXFileReference; lastKnownFileType = file.storyboard; name = Base; path = Base.lproj/LoginScreen.storyboard; sourceTree = "<group>"; };
		AE8E65A32A0110A100DFB1A9 /* Assets.xcassets */ = {isa = PBXFileReference; lastKnownFileType = folder.assetcatalog; path = Assets.xcassets; sourceTree = "<group>"; };
		AE8E65A62A0110A100DFB1A9 /* Base */ = {isa = PBXFileReference; lastKnownFileType = file.storyboard; name = Base; path = Base.lproj/LaunchScreen.storyboard; sourceTree = "<group>"; };
		AE8E65A82A0110A100DFB1A9 /* Info.plist */ = {isa = PBXFileReference; lastKnownFileType = text.plist.xml; path = Info.plist; sourceTree = "<group>"; };
		AE8E65B12A0115D200DFB1A9 /* APIRequest.swift */ = {isa = PBXFileReference; lastKnownFileType = sourcecode.swift; path = APIRequest.swift; sourceTree = "<group>"; };
		AE8E65B42A01160800DFB1A9 /* APIManager.swift */ = {isa = PBXFileReference; lastKnownFileType = sourcecode.swift; path = APIManager.swift; sourceTree = "<group>"; };
		AE8E65B62A01164D00DFB1A9 /* AppConstants.swift */ = {isa = PBXFileReference; lastKnownFileType = sourcecode.swift; path = AppConstants.swift; sourceTree = "<group>"; };
		AE8E65B82A0116D700DFB1A9 /* LoginService.swift */ = {isa = PBXFileReference; lastKnownFileType = sourcecode.swift; path = LoginService.swift; sourceTree = "<group>"; };
		AE8E65BF2A01180300DFB1A9 /* LoginResponse.swift */ = {isa = PBXFileReference; lastKnownFileType = sourcecode.swift; path = LoginResponse.swift; sourceTree = "<group>"; };
		AE8E65C22A011AA700DFB1A9 /* LoginViewModel.swift */ = {isa = PBXFileReference; lastKnownFileType = sourcecode.swift; path = LoginViewModel.swift; sourceTree = "<group>"; };
		AE8E65C42A0122A200DFB1A9 /* LoginInput.swift */ = {isa = PBXFileReference; lastKnownFileType = sourcecode.swift; path = LoginInput.swift; sourceTree = "<group>"; };
		AE8E65C62A013C1800DFB1A9 /* Authentication.swift */ = {isa = PBXFileReference; lastKnownFileType = sourcecode.swift; path = Authentication.swift; sourceTree = "<group>"; };
		AE8E65C82A013CE700DFB1A9 /* UserInfo.swift */ = {isa = PBXFileReference; lastKnownFileType = sourcecode.swift; path = UserInfo.swift; sourceTree = "<group>"; };
		AECEBB562A016E0200047F5B /* ErrorResponse.swift */ = {isa = PBXFileReference; lastKnownFileType = sourcecode.swift; path = ErrorResponse.swift; sourceTree = "<group>"; };
/* End PBXFileReference section */

/* Begin PBXFrameworksBuildPhase section */
		AE8E65942A01109E00DFB1A9 /* Frameworks */ = {
			isa = PBXFrameworksBuildPhase;
			buildActionMask = 2147483647;
			files = (
			);
			runOnlyForDeploymentPostprocessing = 0;
		};
/* End PBXFrameworksBuildPhase section */

/* Begin PBXGroup section */
		AE8E658E2A01109E00DFB1A9 = {
			isa = PBXGroup;
			children = (
				AE8E65992A01109E00DFB1A9 /* BauBuddy */,
				AE8E65982A01109E00DFB1A9 /* Products */,
			);
			sourceTree = "<group>";
		};
		AE8E65982A01109E00DFB1A9 /* Products */ = {
			isa = PBXGroup;
			children = (
				AE8E65972A01109E00DFB1A9 /* BauBuddy.app */,
			);
			name = Products;
			sourceTree = "<group>";
		};
		AE8E65992A01109E00DFB1A9 /* BauBuddy */ = {
			isa = PBXGroup;
			children = (
				AE8E659A2A01109E00DFB1A9 /* AppDelegate.swift */,
				AE8E659C2A01109E00DFB1A9 /* SceneDelegate.swift */,
				AE8E65B62A01164D00DFB1A9 /* AppConstants.swift */,
				AE8E65A82A0110A100DFB1A9 /* Info.plist */,
				AE8E65BE2A0117EB00DFB1A9 /* Models */,
				AE8E65AF2A01157A00DFB1A9 /* API */,
				AE8E65B02A01159000DFB1A9 /* Screens */,
				AE8E65A32A0110A100DFB1A9 /* Assets.xcassets */,
				AE8E65A52A0110A100DFB1A9 /* LaunchScreen.storyboard */,
			);
			path = BauBuddy;
			sourceTree = "<group>";
		};
		AE8E65AF2A01157A00DFB1A9 /* API */ = {
			isa = PBXGroup;
			children = (
				AE8E65B12A0115D200DFB1A9 /* APIRequest.swift */,
				AE8E65B42A01160800DFB1A9 /* APIManager.swift */,
				AE8E65B82A0116D700DFB1A9 /* LoginService.swift */,
			);
			path = API;
			sourceTree = "<group>";
		};
		AE8E65B02A01159000DFB1A9 /* Screens */ = {
			isa = PBXGroup;
			children = (
				AE8E65C12A011A8800DFB1A9 /* LoginScreen */,
			);
			path = Screens;
			sourceTree = "<group>";
		};
		AE8E65BE2A0117EB00DFB1A9 /* Models */ = {
			isa = PBXGroup;
			children = (
				AE8E65C42A0122A200DFB1A9 /* LoginInput.swift */,
				AE8E65BF2A01180300DFB1A9 /* LoginResponse.swift */,
				AE8E65C62A013C1800DFB1A9 /* Authentication.swift */,
				AE8E65C82A013CE700DFB1A9 /* UserInfo.swift */,
				AECEBB562A016E0200047F5B /* ErrorResponse.swift */,
			);
			path = Models;
			sourceTree = "<group>";
		};
		AE8E65C12A011A8800DFB1A9 /* LoginScreen */ = {
			isa = PBXGroup;
			children = (
				AE8E659E2A01109E00DFB1A9 /* LoginViewController.swift */,
				AE8E65C22A011AA700DFB1A9 /* LoginViewModel.swift */,
				AE8E65A02A01109E00DFB1A9 /* LoginScreen.storyboard */,
			);
			path = LoginScreen;
			sourceTree = "<group>";
		};
/* End PBXGroup section */

/* Begin PBXNativeTarget section */
		AE8E65962A01109E00DFB1A9 /* BauBuddy */ = {
			isa = PBXNativeTarget;
			buildConfigurationList = AE8E65AB2A0110A100DFB1A9 /* Build configuration list for PBXNativeTarget "BauBuddy" */;
			buildPhases = (
				AE8E65932A01109E00DFB1A9 /* Sources */,
				AE8E65942A01109E00DFB1A9 /* Frameworks */,
				AE8E65952A01109E00DFB1A9 /* Resources */,
			);
			buildRules = (
			);
			dependencies = (
			);
			name = BauBuddy;
			productName = BauBuddy;
			productReference = AE8E65972A01109E00DFB1A9 /* BauBuddy.app */;
			productType = "com.apple.product-type.application";
		};
/* End PBXNativeTarget section */

/* Begin PBXProject section */
		AE8E658F2A01109E00DFB1A9 /* Project object */ = {
			isa = PBXProject;
			attributes = {
				BuildIndependentTargetsInParallel = 1;
				LastSwiftUpdateCheck = 1400;
				LastUpgradeCheck = 1400;
				TargetAttributes = {
					AE8E65962A01109E00DFB1A9 = {
						CreatedOnToolsVersion = 14.0;
					};
				};
			};
			buildConfigurationList = AE8E65922A01109E00DFB1A9 /* Build configuration list for PBXProject "BauBuddy" */;
			compatibilityVersion = "Xcode 14.0";
			developmentRegion = en;
			hasScannedForEncodings = 0;
			knownRegions = (
				en,
				Base,
			);
			mainGroup = AE8E658E2A01109E00DFB1A9;
			productRefGroup = AE8E65982A01109E00DFB1A9 /* Products */;
			projectDirPath = "";
			projectRoot = "";
			targets = (
				AE8E65962A01109E00DFB1A9 /* BauBuddy */,
			);
		};
/* End PBXProject section */

/* Begin PBXResourcesBuildPhase section */
		AE8E65952A01109E00DFB1A9 /* Resources */ = {
			isa = PBXResourcesBuildPhase;
			buildActionMask = 2147483647;
			files = (
				AE8E65A72A0110A100DFB1A9 /* LaunchScreen.storyboard in Resources */,
				AE8E65A42A0110A100DFB1A9 /* Assets.xcassets in Resources */,
				AE8E65A22A01109E00DFB1A9 /* LoginScreen.storyboard in Resources */,
			);
			runOnlyForDeploymentPostprocessing = 0;
		};
/* End PBXResourcesBuildPhase section */

/* Begin PBXSourcesBuildPhase section */
		AE8E65932A01109E00DFB1A9 /* Sources */ = {
			isa = PBXSourcesBuildPhase;
			buildActionMask = 2147483647;
			files = (
				AE8E65C02A01180300DFB1A9 /* LoginResponse.swift in Sources */,
				AE8E659F2A01109E00DFB1A9 /* LoginViewController.swift in Sources */,
				AE8E65B72A01164D00DFB1A9 /* AppConstants.swift in Sources */,
				AE8E65C52A0122A200DFB1A9 /* LoginInput.swift in Sources */,
				AE8E65C92A013CE700DFB1A9 /* UserInfo.swift in Sources */,
				AE8E659B2A01109E00DFB1A9 /* AppDelegate.swift in Sources */,
				AE8E65B52A01160800DFB1A9 /* APIManager.swift in Sources */,
				AE8E65B92A0116D700DFB1A9 /* LoginService.swift in Sources */,
				AE8E65B22A0115D200DFB1A9 /* APIRequest.swift in Sources */,
				AE8E659D2A01109E00DFB1A9 /* SceneDelegate.swift in Sources */,
				AE8E65C32A011AA700DFB1A9 /* LoginViewModel.swift in Sources */,
				AE8E65C72A013C1800DFB1A9 /* Authentication.swift in Sources */,
				AECEBB572A016E0200047F5B /* ErrorResponse.swift in Sources */,
			);
			runOnlyForDeploymentPostprocessing = 0;
		};
/* End PBXSourcesBuildPhase section */

/* Begin PBXVariantGroup section */
		AE8E65A02A01109E00DFB1A9 /* LoginScreen.storyboard */ = {
			isa = PBXVariantGroup;
			children = (
				AE8E65A12A01109E00DFB1A9 /* Base */,
			);
			name = LoginScreen.storyboard;
			sourceTree = "<group>";
		};
		AE8E65A52A0110A100DFB1A9 /* LaunchScreen.storyboard */ = {
			isa = PBXVariantGroup;
			children = (
				AE8E65A62A0110A100DFB1A9 /* Base */,
			);
			name = LaunchScreen.storyboard;
			sourceTree = "<group>";
		};
/* End PBXVariantGroup section */

/* Begin XCBuildConfiguration section */
		AE8E65A92A0110A100DFB1A9 /* Debug */ = {
			isa = XCBuildConfiguration;
			buildSettings = {
				ACCESS_TOKEN = "Basic QVBJX0V4cGxvcmVyOjEyMzQ1NmlzQUxhbWVQYXNz";
				ALWAYS_SEARCH_USER_PATHS = NO;
				BASE_URL = "https://api.baubuddy.de/index.php/login/";
				CLANG_ANALYZER_NONNULL = YES;
				CLANG_ANALYZER_NUMBER_OBJECT_CONVERSION = YES_AGGRESSIVE;
				CLANG_CXX_LANGUAGE_STANDARD = "gnu++20";
				CLANG_ENABLE_MODULES = YES;
				CLANG_ENABLE_OBJC_ARC = YES;
				CLANG_ENABLE_OBJC_WEAK = YES;
				CLANG_WARN_BLOCK_CAPTURE_AUTORELEASING = YES;
				CLANG_WARN_BOOL_CONVERSION = YES;
				CLANG_WARN_COMMA = YES;
				CLANG_WARN_CONSTANT_CONVERSION = YES;
				CLANG_WARN_DEPRECATED_OBJC_IMPLEMENTATIONS = YES;
				CLANG_WARN_DIRECT_OBJC_ISA_USAGE = YES_ERROR;
				CLANG_WARN_DOCUMENTATION_COMMENTS = YES;
				CLANG_WARN_EMPTY_BODY = YES;
				CLANG_WARN_ENUM_CONVERSION = YES;
				CLANG_WARN_INFINITE_RECURSION = YES;
				CLANG_WARN_INT_CONVERSION = YES;
				CLANG_WARN_NON_LITERAL_NULL_CONVERSION = YES;
				CLANG_WARN_OBJC_IMPLICIT_RETAIN_SELF = YES;
				CLANG_WARN_OBJC_LITERAL_CONVERSION = YES;
				CLANG_WARN_OBJC_ROOT_CLASS = YES_ERROR;
				CLANG_WARN_QUOTED_INCLUDE_IN_FRAMEWORK_HEADER = YES;
				CLANG_WARN_RANGE_LOOP_ANALYSIS = YES;
				CLANG_WARN_STRICT_PROTOTYPES = YES;
				CLANG_WARN_SUSPICIOUS_MOVE = YES;
				CLANG_WARN_UNGUARDED_AVAILABILITY = YES_AGGRESSIVE;
				CLANG_WARN_UNREACHABLE_CODE = YES;
				CLANG_WARN__DUPLICATE_METHOD_MATCH = YES;
				COPY_PHASE_STRIP = NO;
				DEBUG_INFORMATION_FORMAT = dwarf;
				ENABLE_STRICT_OBJC_MSGSEND = YES;
				ENABLE_TESTABILITY = YES;
				GCC_C_LANGUAGE_STANDARD = gnu11;
				GCC_DYNAMIC_NO_PIC = NO;
				GCC_NO_COMMON_BLOCKS = YES;
				GCC_OPTIMIZATION_LEVEL = 0;
				GCC_PREPROCESSOR_DEFINITIONS = (
					"DEBUG=1",
					"$(inherited)",
				);
				GCC_WARN_64_TO_32_BIT_CONVERSION = YES;
				GCC_WARN_ABOUT_RETURN_TYPE = YES_ERROR;
				GCC_WARN_UNDECLARED_SELECTOR = YES;
				GCC_WARN_UNINITIALIZED_AUTOS = YES_AGGRESSIVE;
				GCC_WARN_UNUSED_FUNCTION = YES;
				GCC_WARN_UNUSED_VARIABLE = YES;
				IPHONEOS_DEPLOYMENT_TARGET = 16.0;
				MTL_ENABLE_DEBUG_INFO = INCLUDE_SOURCE;
				MTL_FAST_MATH = YES;
				ONLY_ACTIVE_ARCH = YES;
				SDKROOT = iphoneos;
				SWIFT_ACTIVE_COMPILATION_CONDITIONS = DEBUG;
				SWIFT_OPTIMIZATION_LEVEL = "-Onone";
			};
			name = Debug;
		};
		AE8E65AA2A0110A100DFB1A9 /* Release */ = {
			isa = XCBuildConfiguration;
			buildSettings = {
				ACCESS_TOKEN = "Basic QVBJX0V4cGxvcmVyOjEyMzQ1NmlzQUxhbWVQYXNz";
				ALWAYS_SEARCH_USER_PATHS = NO;
				BASE_URL = "https://api.baubuddy.de/index.php/login/";
				CLANG_ANALYZER_NONNULL = YES;
				CLANG_ANALYZER_NUMBER_OBJECT_CONVERSION = YES_AGGRESSIVE;
				CLANG_CXX_LANGUAGE_STANDARD = "gnu++20";
				CLANG_ENABLE_MODULES = YES;
				CLANG_ENABLE_OBJC_ARC = YES;
				CLANG_ENABLE_OBJC_WEAK = YES;
				CLANG_WARN_BLOCK_CAPTURE_AUTORELEASING = YES;
				CLANG_WARN_BOOL_CONVERSION = YES;
				CLANG_WARN_COMMA = YES;
				CLANG_WARN_CONSTANT_CONVERSION = YES;
				CLANG_WARN_DEPRECATED_OBJC_IMPLEMENTATIONS = YES;
				CLANG_WARN_DIRECT_OBJC_ISA_USAGE = YES_ERROR;
				CLANG_WARN_DOCUMENTATION_COMMENTS = YES;
				CLANG_WARN_EMPTY_BODY = YES;
				CLANG_WARN_ENUM_CONVERSION = YES;
				CLANG_WARN_INFINITE_RECURSION = YES;
				CLANG_WARN_INT_CONVERSION = YES;
				CLANG_WARN_NON_LITERAL_NULL_CONVERSION = YES;
				CLANG_WARN_OBJC_IMPLICIT_RETAIN_SELF = YES;
				CLANG_WARN_OBJC_LITERAL_CONVERSION = YES;
				CLANG_WARN_OBJC_ROOT_CLASS = YES_ERROR;
				CLANG_WARN_QUOTED_INCLUDE_IN_FRAMEWORK_HEADER = YES;
				CLANG_WARN_RANGE_LOOP_ANALYSIS = YES;
				CLANG_WARN_STRICT_PROTOTYPES = YES;
				CLANG_WARN_SUSPICIOUS_MOVE = YES;
				CLANG_WARN_UNGUARDED_AVAILABILITY = YES_AGGRESSIVE;
				CLANG_WARN_UNREACHABLE_CODE = YES;
				CLANG_WARN__DUPLICATE_METHOD_MATCH = YES;
				COPY_PHASE_STRIP = NO;
				DEBUG_INFORMATION_FORMAT = "dwarf-with-dsym";
				ENABLE_NS_ASSERTIONS = NO;
				ENABLE_STRICT_OBJC_MSGSEND = YES;
				GCC_C_LANGUAGE_STANDARD = gnu11;
				GCC_NO_COMMON_BLOCKS = YES;
				GCC_WARN_64_TO_32_BIT_CONVERSION = YES;
				GCC_WARN_ABOUT_RETURN_TYPE = YES_ERROR;
				GCC_WARN_UNDECLARED_SELECTOR = YES;
				GCC_WARN_UNINITIALIZED_AUTOS = YES_AGGRESSIVE;
				GCC_WARN_UNUSED_FUNCTION = YES;
				GCC_WARN_UNUSED_VARIABLE = YES;
				IPHONEOS_DEPLOYMENT_TARGET = 16.0;
				MTL_ENABLE_DEBUG_INFO = NO;
				MTL_FAST_MATH = YES;
				SDKROOT = iphoneos;
				SWIFT_COMPILATION_MODE = wholemodule;
				SWIFT_OPTIMIZATION_LEVEL = "-O";
				VALIDATE_PRODUCT = YES;
			};
			name = Release;
		};
		AE8E65AC2A0110A100DFB1A9 /* Debug */ = {
			isa = XCBuildConfiguration;
			buildSettings = {
				ACCESS_TOKEN = "Basic QVBJX0V4cGxvcmVyOjEyMzQ1NmlzQUxhbWVQYXNz";
				ASSETCATALOG_COMPILER_APPICON_NAME = AppIcon;
				ASSETCATALOG_COMPILER_GLOBAL_ACCENT_COLOR_NAME = AccentColor;
				BASE_URL = "https://api.baubuddy.de/dev/index.php/";
				CODE_SIGN_STYLE = Automatic;
				CURRENT_PROJECT_VERSION = 1;
				DEVELOPMENT_TEAM = H87DT32ZGT;
				GENERATE_INFOPLIST_FILE = YES;
				INFOPLIST_FILE = BauBuddy/Info.plist;
				INFOPLIST_KEY_UIApplicationSupportsIndirectInputEvents = YES;
				INFOPLIST_KEY_UILaunchStoryboardName = LaunchScreen;
				INFOPLIST_KEY_UIMainStoryboardFile = LoginScreen;
				INFOPLIST_KEY_UISupportedInterfaceOrientations_iPad = "UIInterfaceOrientationPortrait UIInterfaceOrientationPortraitUpsideDown UIInterfaceOrientationLandscapeLeft UIInterfaceOrientationLandscapeRight";
				INFOPLIST_KEY_UISupportedInterfaceOrientations_iPhone = "UIInterfaceOrientationPortrait UIInterfaceOrientationLandscapeLeft UIInterfaceOrientationLandscapeRight";
				LD_RUNPATH_SEARCH_PATHS = (
					"$(inherited)",
					"@executable_path/Frameworks",
				);
				MARKETING_VERSION = 1.0;
				PRODUCT_BUNDLE_IDENTIFIER = com.vessy.BauBuddy;
				PRODUCT_NAME = "$(TARGET_NAME)";
				SWIFT_EMIT_LOC_STRINGS = YES;
				SWIFT_VERSION = 5.0;
				TARGETED_DEVICE_FAMILY = "1,2";
			};
			name = Debug;
		};
		AE8E65AD2A0110A100DFB1A9 /* Release */ = {
			isa = XCBuildConfiguration;
			buildSettings = {
				ACCESS_TOKEN = "Basic QVBJX0V4cGxvcmVyOjEyMzQ1NmlzQUxhbWVQYXNz";
				ASSETCATALOG_COMPILER_APPICON_NAME = AppIcon;
				ASSETCATALOG_COMPILER_GLOBAL_ACCENT_COLOR_NAME = AccentColor;
				BASE_URL = "https://api.baubuddy.de/dev/index.php/";
				CODE_SIGN_STYLE = Automatic;
				CURRENT_PROJECT_VERSION = 1;
				DEVELOPMENT_TEAM = H87DT32ZGT;
				GENERATE_INFOPLIST_FILE = YES;
				INFOPLIST_FILE = BauBuddy/Info.plist;
				INFOPLIST_KEY_UIApplicationSupportsIndirectInputEvents = YES;
				INFOPLIST_KEY_UILaunchStoryboardName = LaunchScreen;
				INFOPLIST_KEY_UIMainStoryboardFile = LoginScreen;
				INFOPLIST_KEY_UISupportedInterfaceOrientations_iPad = "UIInterfaceOrientationPortrait UIInterfaceOrientationPortraitUpsideDown UIInterfaceOrientationLandscapeLeft UIInterfaceOrientationLandscapeRight";
				INFOPLIST_KEY_UISupportedInterfaceOrientations_iPhone = "UIInterfaceOrientationPortrait UIInterfaceOrientationLandscapeLeft UIInterfaceOrientationLandscapeRight";
				LD_RUNPATH_SEARCH_PATHS = (
					"$(inherited)",
					"@executable_path/Frameworks",
				);
				MARKETING_VERSION = 1.0;
				PRODUCT_BUNDLE_IDENTIFIER = com.vessy.BauBuddy;
				PRODUCT_NAME = "$(TARGET_NAME)";
				SWIFT_EMIT_LOC_STRINGS = YES;
				SWIFT_VERSION = 5.0;
				TARGETED_DEVICE_FAMILY = "1,2";
			};
			name = Release;
		};
/* End XCBuildConfiguration section */

/* Begin XCConfigurationList section */
		AE8E65922A01109E00DFB1A9 /* Build configuration list for PBXProject "BauBuddy" */ = {
			isa = XCConfigurationList;
			buildConfigurations = (
				AE8E65A92A0110A100DFB1A9 /* Debug */,
				AE8E65AA2A0110A100DFB1A9 /* Release */,
			);
			defaultConfigurationIsVisible = 0;
			defaultConfigurationName = Release;
		};
		AE8E65AB2A0110A100DFB1A9 /* Build configuration list for PBXNativeTarget "BauBuddy" */ = {
			isa = XCConfigurationList;
			buildConfigurations = (
				AE8E65AC2A0110A100DFB1A9 /* Debug */,
				AE8E65AD2A0110A100DFB1A9 /* Release */,
			);
			defaultConfigurationIsVisible = 0;
			defaultConfigurationName = Release;
		};
/* End XCConfigurationList section */
	};
	rootObject = AE8E658F2A01109E00DFB1A9 /* Project object */;
}
