// !$*UTF8*$!
{
	archiveVersion = 1;
	classes = {
	};
	objectVersion = 56;
	objects = {

/* Begin PBXBuildFile section */
		AE7FB8372A018AAB00BB9E23 /* ControllerManager.swift in Sources */ = {isa = PBXBuildFile; fileRef = AE7FB8362A018AAB00BB9E23 /* ControllerManager.swift */; };
		AE7FB8392A01905500BB9E23 /* EmptyInput.swift in Sources */ = {isa = PBXBuildFile; fileRef = AE7FB8382A01905500BB9E23 /* EmptyInput.swift */; };
		AE7FB83C2A0191ED00BB9E23 /* RswiftLibrary in Frameworks */ = {isa = PBXBuildFile; productRef = AE7FB83B2A0191ED00BB9E23 /* RswiftLibrary */; };
		AE7FB8412A01934500BB9E23 /* TaskCell.swift in Sources */ = {isa = PBXBuildFile; fileRef = AE7FB8402A01934500BB9E23 /* TaskCell.swift */; };
		AE7FB8432A01936F00BB9E23 /* TaskCellViewModel.swift in Sources */ = {isa = PBXBuildFile; fileRef = AE7FB8422A01936F00BB9E23 /* TaskCellViewModel.swift */; };
		AE7FB8462A019AA000BB9E23 /* UIColor+Hex.swift in Sources */ = {isa = PBXBuildFile; fileRef = AE7FB8452A019AA000BB9E23 /* UIColor+Hex.swift */; };
		AE8E659B2A01109E00DFB1A9 /* AppDelegate.swift in Sources */ = {isa = PBXBuildFile; fileRef = AE8E659A2A01109E00DFB1A9 /* AppDelegate.swift */; };
		AE8E659D2A01109E00DFB1A9 /* SceneDelegate.swift in Sources */ = {isa = PBXBuildFile; fileRef = AE8E659C2A01109E00DFB1A9 /* SceneDelegate.swift */; };
		AE8E659F2A01109E00DFB1A9 /* LoginViewController.swift in Sources */ = {isa = PBXBuildFile; fileRef = AE8E659E2A01109E00DFB1A9 /* LoginViewController.swift */; };
		AE8E65A22A01109E00DFB1A9 /* LoginScreen.storyboard in Resources */ = {isa = PBXBuildFile; fileRef = AE8E65A02A01109E00DFB1A9 /* LoginScreen.storyboard */; };
		AE8E65A42A0110A100DFB1A9 /* Assets.xcassets in Resources */ = {isa = PBXBuildFile; fileRef = AE8E65A32A0110A100DFB1A9 /* Assets.xcassets */; };
		AE8E65A72A0110A100DFB1A9 /* LaunchScreen.storyboard in Resources */ = {isa = PBXBuildFile; fileRef = AE8E65A52A0110A100DFB1A9 /* LaunchScreen.storyboard */; };
		AE8E65B22A0115D200DFB1A9 /* APIRequest.swift in Sources */ = {isa = PBXBuildFile; fileRef = AE8E65B12A0115D200DFB1A9 /* APIRequest.swift */; };
		AE8E65B52A01160800DFB1A9 /* APIManager.swift in Sources */ = {isa = PBXBuildFile; fileRef = AE8E65B42A01160800DFB1A9 /* APIManager.swift */; };
		AE8E65B72A01164D00DFB1A9 /* AppConstants.swift in Sources */ = {isa = PBXBuildFile; fileRef = AE8E65B62A01164D00DFB1A9 /* AppConstants.swift */; };
		AE8E65B92A0116D700DFB1A9 /* LoginService.swift in Sources */ = {isa = PBXBuildFile; fileRef = AE8E65B82A0116D700DFB1A9 /* LoginService.swift */; };
		AE8E65C02A01180300DFB1A9 /* LoginResponse.swift in Sources */ = {isa = PBXBuildFile; fileRef = AE8E65BF2A01180300DFB1A9 /* LoginResponse.swift */; };
		AE8E65C32A011AA700DFB1A9 /* LoginViewModel.swift in Sources */ = {isa = PBXBuildFile; fileRef = AE8E65C22A011AA700DFB1A9 /* LoginViewModel.swift */; };
		AE8E65C52A0122A200DFB1A9 /* LoginInput.swift in Sources */ = {isa = PBXBuildFile; fileRef = AE8E65C42A0122A200DFB1A9 /* LoginInput.swift */; };
		AE8E65C72A013C1800DFB1A9 /* Authentication.swift in Sources */ = {isa = PBXBuildFile; fileRef = AE8E65C62A013C1800DFB1A9 /* Authentication.swift */; };
		AE8E65C92A013CE700DFB1A9 /* UserInfo.swift in Sources */ = {isa = PBXBuildFile; fileRef = AE8E65C82A013CE700DFB1A9 /* UserInfo.swift */; };
		AECEBB572A016E0200047F5B /* ErrorResponse.swift in Sources */ = {isa = PBXBuildFile; fileRef = AECEBB562A016E0200047F5B /* ErrorResponse.swift */; };
		AECEBB5A2A0172C000047F5B /* KeychainManager.swift in Sources */ = {isa = PBXBuildFile; fileRef = AECEBB592A0172C000047F5B /* KeychainManager.swift */; };
		AECEBB5D2A01746500047F5B /* KeychainAccess in Frameworks */ = {isa = PBXBuildFile; productRef = AECEBB5C2A01746500047F5B /* KeychainAccess */; };
		AECEBB5F2A0177BC00047F5B /* TaskResponse.swift in Sources */ = {isa = PBXBuildFile; fileRef = AECEBB5E2A0177BB00047F5B /* TaskResponse.swift */; };
		AECEBB622A0179DE00047F5B /* TasksViewController.swift in Sources */ = {isa = PBXBuildFile; fileRef = AECEBB612A0179DE00047F5B /* TasksViewController.swift */; };
		AECEBB642A0179E900047F5B /* TasksViewModel.swift in Sources */ = {isa = PBXBuildFile; fileRef = AECEBB632A0179E900047F5B /* TasksViewModel.swift */; };
		AECEBB662A0179F800047F5B /* TasksScreen.storyboard in Resources */ = {isa = PBXBuildFile; fileRef = AECEBB652A0179F800047F5B /* TasksScreen.storyboard */; };
		AECEBB692A017A1800047F5B /* ProfileViewController.swift in Sources */ = {isa = PBXBuildFile; fileRef = AECEBB682A017A1800047F5B /* ProfileViewController.swift */; };
		AECEBB6B2A017A2000047F5B /* ProfileViewModel.swift in Sources */ = {isa = PBXBuildFile; fileRef = AECEBB6A2A017A2000047F5B /* ProfileViewModel.swift */; };
		AECEBB6D2A017A2A00047F5B /* ProfileScreen.storyboard in Resources */ = {isa = PBXBuildFile; fileRef = AECEBB6C2A017A2A00047F5B /* ProfileScreen.storyboard */; };
		AECEBB6F2A017CE400047F5B /* TaskService.swift in Sources */ = {isa = PBXBuildFile; fileRef = AECEBB6E2A017CE400047F5B /* TaskService.swift */; };
		AECEBB712A017D7B00047F5B /* TabBar.storyboard in Resources */ = {isa = PBXBuildFile; fileRef = AECEBB702A017D7B00047F5B /* TabBar.storyboard */; };
		AED096242A02640100293A16 /* UserManager.swift in Sources */ = {isa = PBXBuildFile; fileRef = AED096232A02640100293A16 /* UserManager.swift */; };
		AED096272A02B79000293A16 /* LocalStorageManager.swift in Sources */ = {isa = PBXBuildFile; fileRef = AED096262A02B79000293A16 /* LocalStorageManager.swift */; };
/* End PBXBuildFile section */

/* Begin PBXFileReference section */
		AE7FB8362A018AAB00BB9E23 /* ControllerManager.swift */ = {isa = PBXFileReference; lastKnownFileType = sourcecode.swift; path = ControllerManager.swift; sourceTree = "<group>"; };
		AE7FB8382A01905500BB9E23 /* EmptyInput.swift */ = {isa = PBXFileReference; lastKnownFileType = sourcecode.swift; path = EmptyInput.swift; sourceTree = "<group>"; };
		AE7FB8402A01934500BB9E23 /* TaskCell.swift */ = {isa = PBXFileReference; lastKnownFileType = sourcecode.swift; path = TaskCell.swift; sourceTree = "<group>"; };
		AE7FB8422A01936F00BB9E23 /* TaskCellViewModel.swift */ = {isa = PBXFileReference; lastKnownFileType = sourcecode.swift; path = TaskCellViewModel.swift; sourceTree = "<group>"; };
		AE7FB8452A019AA000BB9E23 /* UIColor+Hex.swift */ = {isa = PBXFileReference; lastKnownFileType = sourcecode.swift; path = "UIColor+Hex.swift"; sourceTree = "<group>"; };
		AE8E65972A01109E00DFB1A9 /* BauBuddy.app */ = {isa = PBXFileReference; explicitFileType = wrapper.application; includeInIndex = 0; path = BauBuddy.app; sourceTree = BUILT_PRODUCTS_DIR; };
		AE8E659A2A01109E00DFB1A9 /* AppDelegate.swift */ = {isa = PBXFileReference; lastKnownFileType = sourcecode.swift; path = AppDelegate.swift; sourceTree = "<group>"; };
		AE8E659C2A01109E00DFB1A9 /* SceneDelegate.swift */ = {isa = PBXFileReference; lastKnownFileType = sourcecode.swift; path = SceneDelegate.swift; sourceTree = "<group>"; };
		AE8E659E2A01109E00DFB1A9 /* LoginViewController.swift */ = {isa = PBXFileReference; lastKnownFileType = sourcecode.swift; path = LoginViewController.swift; sourceTree = "<group>"; };
		AE8E65A12A01109E00DFB1A9 /* Base */ = {isa = PBXFileReference; lastKnownFileType = file.storyboard; name = Base; path = Base.lproj/LoginScreen.storyboard; sourceTree = "<group>"; };
		AE8E65A32A0110A100DFB1A9 /* Assets.xcassets */ = {isa = PBXFileReference; lastKnownFileType = folder.assetcatalog; path = Assets.xcassets; sourceTree = "<group>"; };
		AE8E65A62A0110A100DFB1A9 /* Base */ = {isa = PBXFileReference; lastKnownFileType = file.storyboard; name = Base; path = Base.lproj/LaunchScreen.storyboard; sourceTree = "<group>"; };
		AE8E65A82A0110A100DFB1A9 /* Info.plist */ = {isa = PBXFileReference; lastKnownFileType = text.plist.xml; path = Info.plist; sourceTree = "<group>"; };
		AE8E65B12A0115D200DFB1A9 /* APIRequest.swift */ = {isa = PBXFileReference; lastKnownFileType = sourcecode.swift; path = APIRequest.swift; sourceTree = "<group>"; };
		AE8E65B42A01160800DFB1A9 /* APIManager.swift */ = {isa = PBXFileReference; lastKnownFileType = sourcecode.swift; path = APIManager.swift; sourceTree = "<group>"; };
		AE8E65B62A01164D00DFB1A9 /* AppConstants.swift */ = {isa = PBXFileReference; lastKnownFileType = sourcecode.swift; path = AppConstants.swift; sourceTree = "<group>"; };
		AE8E65B82A0116D700DFB1A9 /* LoginService.swift */ = {isa = PBXFileReference; lastKnownFileType = sourcecode.swift; path = LoginService.swift; sourceTree = "<group>"; };
		AE8E65BF2A01180300DFB1A9 /* LoginResponse.swift */ = {isa = PBXFileReference; lastKnownFileType = sourcecode.swift; path = LoginResponse.swift; sourceTree = "<group>"; };
		AE8E65C22A011AA700DFB1A9 /* LoginViewModel.swift */ = {isa = PBXFileReference; lastKnownFileType = sourcecode.swift; path = LoginViewModel.swift; sourceTree = "<group>"; };
		AE8E65C42A0122A200DFB1A9 /* LoginInput.swift */ = {isa = PBXFileReference; lastKnownFileType = sourcecode.swift; path = LoginInput.swift; sourceTree = "<group>"; };
		AE8E65C62A013C1800DFB1A9 /* Authentication.swift */ = {isa = PBXFileReference; lastKnownFileType = sourcecode.swift; path = Authentication.swift; sourceTree = "<group>"; };
		AE8E65C82A013CE700DFB1A9 /* UserInfo.swift */ = {isa = PBXFileReference; lastKnownFileType = sourcecode.swift; path = UserInfo.swift; sourceTree = "<group>"; };
		AECEBB562A016E0200047F5B /* ErrorResponse.swift */ = {isa = PBXFileReference; lastKnownFileType = sourcecode.swift; path = ErrorResponse.swift; sourceTree = "<group>"; };
		AECEBB592A0172C000047F5B /* KeychainManager.swift */ = {isa = PBXFileReference; lastKnownFileType = sourcecode.swift; path = KeychainManager.swift; sourceTree = "<group>"; };
		AECEBB5E2A0177BB00047F5B /* TaskResponse.swift */ = {isa = PBXFileReference; lastKnownFileType = sourcecode.swift; path = TaskResponse.swift; sourceTree = "<group>"; };
		AECEBB612A0179DE00047F5B /* TasksViewController.swift */ = {isa = PBXFileReference; lastKnownFileType = sourcecode.swift; path = TasksViewController.swift; sourceTree = "<group>"; };
		AECEBB632A0179E900047F5B /* TasksViewModel.swift */ = {isa = PBXFileReference; lastKnownFileType = sourcecode.swift; path = TasksViewModel.swift; sourceTree = "<group>"; };
		AECEBB652A0179F800047F5B /* TasksScreen.storyboard */ = {isa = PBXFileReference; lastKnownFileType = file.storyboard; path = TasksScreen.storyboard; sourceTree = "<group>"; };
		AECEBB682A017A1800047F5B /* ProfileViewController.swift */ = {isa = PBXFileReference; lastKnownFileType = sourcecode.swift; path = ProfileViewController.swift; sourceTree = "<group>"; };
		AECEBB6A2A017A2000047F5B /* ProfileViewModel.swift */ = {isa = PBXFileReference; lastKnownFileType = sourcecode.swift; path = ProfileViewModel.swift; sourceTree = "<group>"; };
		AECEBB6C2A017A2A00047F5B /* ProfileScreen.storyboard */ = {isa = PBXFileReference; lastKnownFileType = file.storyboard; path = ProfileScreen.storyboard; sourceTree = "<group>"; };
		AECEBB6E2A017CE400047F5B /* TaskService.swift */ = {isa = PBXFileReference; lastKnownFileType = sourcecode.swift; path = TaskService.swift; sourceTree = "<group>"; };
		AECEBB702A017D7B00047F5B /* TabBar.storyboard */ = {isa = PBXFileReference; lastKnownFileType = file.storyboard; path = TabBar.storyboard; sourceTree = "<group>"; };
		AED096232A02640100293A16 /* UserManager.swift */ = {isa = PBXFileReference; lastKnownFileType = sourcecode.swift; path = UserManager.swift; sourceTree = "<group>"; };
		AED096262A02B79000293A16 /* LocalStorageManager.swift */ = {isa = PBXFileReference; lastKnownFileType = sourcecode.swift; path = LocalStorageManager.swift; sourceTree = "<group>"; };
/* End PBXFileReference section */

/* Begin PBXFrameworksBuildPhase section */
		AE8E65942A01109E00DFB1A9 /* Frameworks */ = {
			isa = PBXFrameworksBuildPhase;
			buildActionMask = 2147483647;
			files = (
				AECEBB5D2A01746500047F5B /* KeychainAccess in Frameworks */,
				AE7FB83C2A0191ED00BB9E23 /* RswiftLibrary in Frameworks */,
			);
			runOnlyForDeploymentPostprocessing = 0;
		};
/* End PBXFrameworksBuildPhase section */

/* Begin PBXGroup section */
		AE7FB8442A019A8700BB9E23 /* Extensions */ = {
			isa = PBXGroup;
			children = (
				AE7FB8452A019AA000BB9E23 /* UIColor+Hex.swift */,
			);
			path = Extensions;
			sourceTree = "<group>";
		};
		AE8E658E2A01109E00DFB1A9 = {
			isa = PBXGroup;
			children = (
				AE8E65992A01109E00DFB1A9 /* BauBuddy */,
				AE8E65982A01109E00DFB1A9 /* Products */,
			);
			sourceTree = "<group>";
		};
		AE8E65982A01109E00DFB1A9 /* Products */ = {
			isa = PBXGroup;
			children = (
				AE8E65972A01109E00DFB1A9 /* BauBuddy.app */,
			);
			name = Products;
			sourceTree = "<group>";
		};
		AE8E65992A01109E00DFB1A9 /* BauBuddy */ = {
			isa = PBXGroup;
			children = (
				AE8E659A2A01109E00DFB1A9 /* AppDelegate.swift */,
				AE8E659C2A01109E00DFB1A9 /* SceneDelegate.swift */,
				AE8E65B62A01164D00DFB1A9 /* AppConstants.swift */,
				AE8E65A82A0110A100DFB1A9 /* Info.plist */,
				AE7FB8442A019A8700BB9E23 /* Extensions */,
				AECEBB582A01729500047F5B /* Managers */,
				AE8E65BE2A0117EB00DFB1A9 /* Models */,
				AE8E65AF2A01157A00DFB1A9 /* API */,
				AE8E65B02A01159000DFB1A9 /* Screens */,
				AE8E65A32A0110A100DFB1A9 /* Assets.xcassets */,
				AE8E65A52A0110A100DFB1A9 /* LaunchScreen.storyboard */,
			);
			path = BauBuddy;
			sourceTree = "<group>";
		};
		AE8E65AF2A01157A00DFB1A9 /* API */ = {
			isa = PBXGroup;
			children = (
				AE8E65C62A013C1800DFB1A9 /* Authentication.swift */,
				AE8E65B12A0115D200DFB1A9 /* APIRequest.swift */,
				AE8E65B42A01160800DFB1A9 /* APIManager.swift */,
				AE8E65B82A0116D700DFB1A9 /* LoginService.swift */,
				AECEBB6E2A017CE400047F5B /* TaskService.swift */,
			);
			path = API;
			sourceTree = "<group>";
		};
		AE8E65B02A01159000DFB1A9 /* Screens */ = {
			isa = PBXGroup;
			children = (
				AECEBB702A017D7B00047F5B /* TabBar.storyboard */,
				AECEBB672A017A0300047F5B /* ProfileScreen */,
				AECEBB602A0179C000047F5B /* TasksScreen */,
				AE8E65C12A011A8800DFB1A9 /* LoginScreen */,
			);
			path = Screens;
			sourceTree = "<group>";
		};
		AE8E65BE2A0117EB00DFB1A9 /* Models */ = {
			isa = PBXGroup;
			children = (
				AE7FB8382A01905500BB9E23 /* EmptyInput.swift */,
				AE8E65C42A0122A200DFB1A9 /* LoginInput.swift */,
				AE8E65BF2A01180300DFB1A9 /* LoginResponse.swift */,
				AE8E65C82A013CE700DFB1A9 /* UserInfo.swift */,
				AECEBB562A016E0200047F5B /* ErrorResponse.swift */,
				AECEBB5E2A0177BB00047F5B /* TaskResponse.swift */,
			);
			path = Models;
			sourceTree = "<group>";
		};
		AE8E65C12A011A8800DFB1A9 /* LoginScreen */ = {
			isa = PBXGroup;
			children = (
				AE8E659E2A01109E00DFB1A9 /* LoginViewController.swift */,
				AE8E65C22A011AA700DFB1A9 /* LoginViewModel.swift */,
				AE8E65A02A01109E00DFB1A9 /* LoginScreen.storyboard */,
			);
			path = LoginScreen;
			sourceTree = "<group>";
		};
		AECEBB582A01729500047F5B /* Managers */ = {
			isa = PBXGroup;
			children = (
				AECEBB592A0172C000047F5B /* KeychainManager.swift */,
				AE7FB8362A018AAB00BB9E23 /* ControllerManager.swift */,
				AED096232A02640100293A16 /* UserManager.swift */,
				AED096262A02B79000293A16 /* LocalStorageManager.swift */,
			);
			path = Managers;
			sourceTree = "<group>";
		};
		AECEBB602A0179C000047F5B /* TasksScreen */ = {
			isa = PBXGroup;
			children = (
				AE7FB8402A01934500BB9E23 /* TaskCell.swift */,
				AE7FB8422A01936F00BB9E23 /* TaskCellViewModel.swift */,
				AECEBB612A0179DE00047F5B /* TasksViewController.swift */,
				AECEBB632A0179E900047F5B /* TasksViewModel.swift */,
				AECEBB652A0179F800047F5B /* TasksScreen.storyboard */,
			);
			path = TasksScreen;
			sourceTree = "<group>";
		};
		AECEBB672A017A0300047F5B /* ProfileScreen */ = {
			isa = PBXGroup;
			children = (
				AECEBB682A017A1800047F5B /* ProfileViewController.swift */,
				AECEBB6A2A017A2000047F5B /* ProfileViewModel.swift */,
				AECEBB6C2A017A2A00047F5B /* ProfileScreen.storyboard */,
			);
			path = ProfileScreen;
			sourceTree = "<group>";
		};
/* End PBXGroup section */

/* Begin PBXNativeTarget section */
		AE8E65962A01109E00DFB1A9 /* BauBuddy */ = {
			isa = PBXNativeTarget;
			buildConfigurationList = AE8E65AB2A0110A100DFB1A9 /* Build configuration list for PBXNativeTarget "BauBuddy" */;
			buildPhases = (
				AE8E65932A01109E00DFB1A9 /* Sources */,
				AE8E65942A01109E00DFB1A9 /* Frameworks */,
				AE8E65952A01109E00DFB1A9 /* Resources */,
			);
			buildRules = (
			);
			dependencies = (
				AE7FB83E2A01924D00BB9E23 /* PBXTargetDependency */,
			);
			name = BauBuddy;
			packageProductDependencies = (
				AECEBB5C2A01746500047F5B /* KeychainAccess */,
				AE7FB83B2A0191ED00BB9E23 /* RswiftLibrary */,
			);
			productName = BauBuddy;
			productReference = AE8E65972A01109E00DFB1A9 /* BauBuddy.app */;
			productType = "com.apple.product-type.application";
		};
/* End PBXNativeTarget section */

/* Begin PBXProject section */
		AE8E658F2A01109E00DFB1A9 /* Project object */ = {
			isa = PBXProject;
			attributes = {
				BuildIndependentTargetsInParallel = 1;
				LastSwiftUpdateCheck = 1400;
				LastUpgradeCheck = 1400;
				TargetAttributes = {
					AE8E65962A01109E00DFB1A9 = {
						CreatedOnToolsVersion = 14.0;
					};
				};
			};
			buildConfigurationList = AE8E65922A01109E00DFB1A9 /* Build configuration list for PBXProject "BauBuddy" */;
			compatibilityVersion = "Xcode 14.0";
			developmentRegion = en;
			hasScannedForEncodings = 0;
			knownRegions = (
				en,
				Base,
			);
			mainGroup = AE8E658E2A01109E00DFB1A9;
			packageReferences = (
				AECEBB5B2A01746400047F5B /* XCRemoteSwiftPackageReference "KeychainAccess" */,
				AE7FB83A2A0191ED00BB9E23 /* XCRemoteSwiftPackageReference "R" */,
			);
			productRefGroup = AE8E65982A01109E00DFB1A9 /* Products */;
			projectDirPath = "";
			projectRoot = "";
			targets = (
				AE8E65962A01109E00DFB1A9 /* BauBuddy */,
			);
		};
/* End PBXProject section */

/* Begin PBXResourcesBuildPhase section */
		AE8E65952A01109E00DFB1A9 /* Resources */ = {
			isa = PBXResourcesBuildPhase;
			buildActionMask = 2147483647;
			files = (
				AE8E65A72A0110A100DFB1A9 /* LaunchScreen.storyboard in Resources */,
				AE8E65A42A0110A100DFB1A9 /* Assets.xcassets in Resources */,
				AE8E65A22A01109E00DFB1A9 /* LoginScreen.storyboard in Resources */,
				AECEBB6D2A017A2A00047F5B /* ProfileScreen.storyboard in Resources */,
				AECEBB712A017D7B00047F5B /* TabBar.storyboard in Resources */,
				AECEBB662A0179F800047F5B /* TasksScreen.storyboard in Resources */,
			);
			runOnlyForDeploymentPostprocessing = 0;
		};
/* End PBXResourcesBuildPhase section */

/* Begin PBXSourcesBuildPhase section */
		AE8E65932A01109E00DFB1A9 /* Sources */ = {
			isa = PBXSourcesBuildPhase;
			buildActionMask = 2147483647;
			files = (
				AED096272A02B79000293A16 /* LocalStorageManager.swift in Sources */,
				AE7FB8372A018AAB00BB9E23 /* ControllerManager.swift in Sources */,
				AECEBB6F2A017CE400047F5B /* TaskService.swift in Sources */,
				AE8E65C02A01180300DFB1A9 /* LoginResponse.swift in Sources */,
				AECEBB6B2A017A2000047F5B /* ProfileViewModel.swift in Sources */,
				AECEBB642A0179E900047F5B /* TasksViewModel.swift in Sources */,
				AE8E659F2A01109E00DFB1A9 /* LoginViewController.swift in Sources */,
				AE8E65B72A01164D00DFB1A9 /* AppConstants.swift in Sources */,
				AE8E65C52A0122A200DFB1A9 /* LoginInput.swift in Sources */,
				AE8E65C92A013CE700DFB1A9 /* UserInfo.swift in Sources */,
				AE7FB8432A01936F00BB9E23 /* TaskCellViewModel.swift in Sources */,
				AECEBB692A017A1800047F5B /* ProfileViewController.swift in Sources */,
				AE8E659B2A01109E00DFB1A9 /* AppDelegate.swift in Sources */,
				AECEBB5F2A0177BC00047F5B /* TaskResponse.swift in Sources */,
				AE8E65B52A01160800DFB1A9 /* APIManager.swift in Sources */,
				AE8E65B92A0116D700DFB1A9 /* LoginService.swift in Sources */,
				AE7FB8392A01905500BB9E23 /* EmptyInput.swift in Sources */,
				AED096242A02640100293A16 /* UserManager.swift in Sources */,
				AECEBB622A0179DE00047F5B /* TasksViewController.swift in Sources */,
				AE8E65B22A0115D200DFB1A9 /* APIRequest.swift in Sources */,
				AECEBB5A2A0172C000047F5B /* KeychainManager.swift in Sources */,
				AE7FB8462A019AA000BB9E23 /* UIColor+Hex.swift in Sources */,
				AE8E659D2A01109E00DFB1A9 /* SceneDelegate.swift in Sources */,
				AE8E65C32A011AA700DFB1A9 /* LoginViewModel.swift in Sources */,
				AE8E65C72A013C1800DFB1A9 /* Authentication.swift in Sources */,
				AE7FB8412A01934500BB9E23 /* TaskCell.swift in Sources */,
				AECEBB572A016E0200047F5B /* ErrorResponse.swift in Sources */,
			);
			runOnlyForDeploymentPostprocessing = 0;
		};
/* End PBXSourcesBuildPhase section */

/* Begin PBXTargetDependency section */
		AE7FB83E2A01924D00BB9E23 /* PBXTargetDependency */ = {
			isa = PBXTargetDependency;
			productRef = AE7FB83D2A01924D00BB9E23 /* RswiftGenerateInternalResources */;
		};
/* End PBXTargetDependency section */

/* Begin PBXVariantGroup section */
		AE8E65A02A01109E00DFB1A9 /* LoginScreen.storyboard */ = {
			isa = PBXVariantGroup;
			children = (
				AE8E65A12A01109E00DFB1A9 /* Base */,
			);
			name = LoginScreen.storyboard;
			sourceTree = "<group>";
		};
		AE8E65A52A0110A100DFB1A9 /* LaunchScreen.storyboard */ = {
			isa = PBXVariantGroup;
			children = (
				AE8E65A62A0110A100DFB1A9 /* Base */,
			);
			name = LaunchScreen.storyboard;
			sourceTree = "<group>";
		};
/* End PBXVariantGroup section */

/* Begin XCBuildConfiguration section */
		AE8E65A92A0110A100DFB1A9 /* Debug */ = {
			isa = XCBuildConfiguration;
			buildSettings = {
				ACCESS_TOKEN = "Basic QVBJX0V4cGxvcmVyOjEyMzQ1NmlzQUxhbWVQYXNz";
				ALWAYS_SEARCH_USER_PATHS = NO;
				BASE_URL = "https://api.baubuddy.de/index.php/login/";
				CLANG_ANALYZER_NONNULL = YES;
				CLANG_ANALYZER_NUMBER_OBJECT_CONVERSION = YES_AGGRESSIVE;
				CLANG_CXX_LANGUAGE_STANDARD = "gnu++20";
				CLANG_ENABLE_MODULES = YES;
				CLANG_ENABLE_OBJC_ARC = YES;
				CLANG_ENABLE_OBJC_WEAK = YES;
				CLANG_WARN_BLOCK_CAPTURE_AUTORELEASING = YES;
				CLANG_WARN_BOOL_CONVERSION = YES;
				CLANG_WARN_COMMA = YES;
				CLANG_WARN_CONSTANT_CONVERSION = YES;
				CLANG_WARN_DEPRECATED_OBJC_IMPLEMENTATIONS = YES;
				CLANG_WARN_DIRECT_OBJC_ISA_USAGE = YES_ERROR;
				CLANG_WARN_DOCUMENTATION_COMMENTS = YES;
				CLANG_WARN_EMPTY_BODY = YES;
				CLANG_WARN_ENUM_CONVERSION = YES;
				CLANG_WARN_INFINITE_RECURSION = YES;
				CLANG_WARN_INT_CONVERSION = YES;
				CLANG_WARN_NON_LITERAL_NULL_CONVERSION = YES;
				CLANG_WARN_OBJC_IMPLICIT_RETAIN_SELF = YES;
				CLANG_WARN_OBJC_LITERAL_CONVERSION = YES;
				CLANG_WARN_OBJC_ROOT_CLASS = YES_ERROR;
				CLANG_WARN_QUOTED_INCLUDE_IN_FRAMEWORK_HEADER = YES;
				CLANG_WARN_RANGE_LOOP_ANALYSIS = YES;
				CLANG_WARN_STRICT_PROTOTYPES = YES;
				CLANG_WARN_SUSPICIOUS_MOVE = YES;
				CLANG_WARN_UNGUARDED_AVAILABILITY = YES_AGGRESSIVE;
				CLANG_WARN_UNREACHABLE_CODE = YES;
				CLANG_WARN__DUPLICATE_METHOD_MATCH = YES;
				COPY_PHASE_STRIP = NO;
				DEBUG_INFORMATION_FORMAT = dwarf;
				ENABLE_STRICT_OBJC_MSGSEND = YES;
				ENABLE_TESTABILITY = YES;
				GCC_C_LANGUAGE_STANDARD = gnu11;
				GCC_DYNAMIC_NO_PIC = NO;
				GCC_NO_COMMON_BLOCKS = YES;
				GCC_OPTIMIZATION_LEVEL = 0;
				GCC_PREPROCESSOR_DEFINITIONS = (
					"DEBUG=1",
					"$(inherited)",
				);
				GCC_WARN_64_TO_32_BIT_CONVERSION = YES;
				GCC_WARN_ABOUT_RETURN_TYPE = YES_ERROR;
				GCC_WARN_UNDECLARED_SELECTOR = YES;
				GCC_WARN_UNINITIALIZED_AUTOS = YES_AGGRESSIVE;
				GCC_WARN_UNUSED_FUNCTION = YES;
				GCC_WARN_UNUSED_VARIABLE = YES;
				IPHONEOS_DEPLOYMENT_TARGET = 16.0;
				MTL_ENABLE_DEBUG_INFO = INCLUDE_SOURCE;
				MTL_FAST_MATH = YES;
				ONLY_ACTIVE_ARCH = YES;
				SDKROOT = iphoneos;
				SWIFT_ACTIVE_COMPILATION_CONDITIONS = DEBUG;
				SWIFT_OPTIMIZATION_LEVEL = "-Onone";
			};
			name = Debug;
		};
		AE8E65AA2A0110A100DFB1A9 /* Release */ = {
			isa = XCBuildConfiguration;
			buildSettings = {
				ACCESS_TOKEN = "Basic QVBJX0V4cGxvcmVyOjEyMzQ1NmlzQUxhbWVQYXNz";
				ALWAYS_SEARCH_USER_PATHS = NO;
				BASE_URL = "https://api.baubuddy.de/index.php/login/";
				CLANG_ANALYZER_NONNULL = YES;
				CLANG_ANALYZER_NUMBER_OBJECT_CONVERSION = YES_AGGRESSIVE;
				CLANG_CXX_LANGUAGE_STANDARD = "gnu++20";
				CLANG_ENABLE_MODULES = YES;
				CLANG_ENABLE_OBJC_ARC = YES;
				CLANG_ENABLE_OBJC_WEAK = YES;
				CLANG_WARN_BLOCK_CAPTURE_AUTORELEASING = YES;
				CLANG_WARN_BOOL_CONVERSION = YES;
				CLANG_WARN_COMMA = YES;
				CLANG_WARN_CONSTANT_CONVERSION = YES;
				CLANG_WARN_DEPRECATED_OBJC_IMPLEMENTATIONS = YES;
				CLANG_WARN_DIRECT_OBJC_ISA_USAGE = YES_ERROR;
				CLANG_WARN_DOCUMENTATION_COMMENTS = YES;
				CLANG_WARN_EMPTY_BODY = YES;
				CLANG_WARN_ENUM_CONVERSION = YES;
				CLANG_WARN_INFINITE_RECURSION = YES;
				CLANG_WARN_INT_CONVERSION = YES;
				CLANG_WARN_NON_LITERAL_NULL_CONVERSION = YES;
				CLANG_WARN_OBJC_IMPLICIT_RETAIN_SELF = YES;
				CLANG_WARN_OBJC_LITERAL_CONVERSION = YES;
				CLANG_WARN_OBJC_ROOT_CLASS = YES_ERROR;
				CLANG_WARN_QUOTED_INCLUDE_IN_FRAMEWORK_HEADER = YES;
				CLANG_WARN_RANGE_LOOP_ANALYSIS = YES;
				CLANG_WARN_STRICT_PROTOTYPES = YES;
				CLANG_WARN_SUSPICIOUS_MOVE = YES;
				CLANG_WARN_UNGUARDED_AVAILABILITY = YES_AGGRESSIVE;
				CLANG_WARN_UNREACHABLE_CODE = YES;
				CLANG_WARN__DUPLICATE_METHOD_MATCH = YES;
				COPY_PHASE_STRIP = NO;
				DEBUG_INFORMATION_FORMAT = "dwarf-with-dsym";
				ENABLE_NS_ASSERTIONS = NO;
				ENABLE_STRICT_OBJC_MSGSEND = YES;
				GCC_C_LANGUAGE_STANDARD = gnu11;
				GCC_NO_COMMON_BLOCKS = YES;
				GCC_WARN_64_TO_32_BIT_CONVERSION = YES;
				GCC_WARN_ABOUT_RETURN_TYPE = YES_ERROR;
				GCC_WARN_UNDECLARED_SELECTOR = YES;
				GCC_WARN_UNINITIALIZED_AUTOS = YES_AGGRESSIVE;
				GCC_WARN_UNUSED_FUNCTION = YES;
				GCC_WARN_UNUSED_VARIABLE = YES;
				IPHONEOS_DEPLOYMENT_TARGET = 16.0;
				MTL_ENABLE_DEBUG_INFO = NO;
				MTL_FAST_MATH = YES;
				SDKROOT = iphoneos;
				SWIFT_COMPILATION_MODE = wholemodule;
				SWIFT_OPTIMIZATION_LEVEL = "-O";
				VALIDATE_PRODUCT = YES;
			};
			name = Release;
		};
		AE8E65AC2A0110A100DFB1A9 /* Debug */ = {
			isa = XCBuildConfiguration;
			buildSettings = {
				ACCESS_TOKEN = "Basic QVBJX0V4cGxvcmVyOjEyMzQ1NmlzQUxhbWVQYXNz";
				ASSETCATALOG_COMPILER_APPICON_NAME = AppIcon;
				ASSETCATALOG_COMPILER_GLOBAL_ACCENT_COLOR_NAME = AccentColor;
				BASE_URL = "https://api.baubuddy.de/dev/index.php/";
				CODE_SIGN_STYLE = Automatic;
				CURRENT_PROJECT_VERSION = 1;
				DEVELOPMENT_TEAM = H87DT32ZGT;
				GENERATE_INFOPLIST_FILE = YES;
				INFOPLIST_FILE = BauBuddy/Info.plist;
				INFOPLIST_KEY_UIApplicationSupportsIndirectInputEvents = YES;
				INFOPLIST_KEY_UILaunchStoryboardName = LaunchScreen;
				INFOPLIST_KEY_UIMainStoryboardFile = LoginScreen;
				INFOPLIST_KEY_UISupportedInterfaceOrientations_iPad = "UIInterfaceOrientationPortrait UIInterfaceOrientationPortraitUpsideDown UIInterfaceOrientationLandscapeLeft UIInterfaceOrientationLandscapeRight";
				INFOPLIST_KEY_UISupportedInterfaceOrientations_iPhone = "UIInterfaceOrientationPortrait UIInterfaceOrientationLandscapeLeft UIInterfaceOrientationLandscapeRight";
				LD_RUNPATH_SEARCH_PATHS = (
					"$(inherited)",
					"@executable_path/Frameworks",
				);
				MARKETING_VERSION = 1.0;
				PRODUCT_BUNDLE_IDENTIFIER = com.vessy.BauBuddy;
				PRODUCT_NAME = "$(TARGET_NAME)";
				SWIFT_EMIT_LOC_STRINGS = YES;
				SWIFT_VERSION = 5.0;
				TARGETED_DEVICE_FAMILY = "1,2";
			};
			name = Debug;
		};
		AE8E65AD2A0110A100DFB1A9 /* Release */ = {
			isa = XCBuildConfiguration;
			buildSettings = {
				ACCESS_TOKEN = "Basic QVBJX0V4cGxvcmVyOjEyMzQ1NmlzQUxhbWVQYXNz";
				ASSETCATALOG_COMPILER_APPICON_NAME = AppIcon;
				ASSETCATALOG_COMPILER_GLOBAL_ACCENT_COLOR_NAME = AccentColor;
				BASE_URL = "https://api.baubuddy.de/dev/index.php/";
				CODE_SIGN_STYLE = Automatic;
				CURRENT_PROJECT_VERSION = 1;
				DEVELOPMENT_TEAM = H87DT32ZGT;
				GENERATE_INFOPLIST_FILE = YES;
				INFOPLIST_FILE = BauBuddy/Info.plist;
				INFOPLIST_KEY_UIApplicationSupportsIndirectInputEvents = YES;
				INFOPLIST_KEY_UILaunchStoryboardName = LaunchScreen;
				INFOPLIST_KEY_UIMainStoryboardFile = LoginScreen;
				INFOPLIST_KEY_UISupportedInterfaceOrientations_iPad = "UIInterfaceOrientationPortrait UIInterfaceOrientationPortraitUpsideDown UIInterfaceOrientationLandscapeLeft UIInterfaceOrientationLandscapeRight";
				INFOPLIST_KEY_UISupportedInterfaceOrientations_iPhone = "UIInterfaceOrientationPortrait UIInterfaceOrientationLandscapeLeft UIInterfaceOrientationLandscapeRight";
				LD_RUNPATH_SEARCH_PATHS = (
					"$(inherited)",
					"@executable_path/Frameworks",
				);
				MARKETING_VERSION = 1.0;
				PRODUCT_BUNDLE_IDENTIFIER = com.vessy.BauBuddy;
				PRODUCT_NAME = "$(TARGET_NAME)";
				SWIFT_EMIT_LOC_STRINGS = YES;
				SWIFT_VERSION = 5.0;
				TARGETED_DEVICE_FAMILY = "1,2";
			};
			name = Release;
		};
/* End XCBuildConfiguration section */

/* Begin XCConfigurationList section */
		AE8E65922A01109E00DFB1A9 /* Build configuration list for PBXProject "BauBuddy" */ = {
			isa = XCConfigurationList;
			buildConfigurations = (
				AE8E65A92A0110A100DFB1A9 /* Debug */,
				AE8E65AA2A0110A100DFB1A9 /* Release */,
			);
			defaultConfigurationIsVisible = 0;
			defaultConfigurationName = Release;
		};
		AE8E65AB2A0110A100DFB1A9 /* Build configuration list for PBXNativeTarget "BauBuddy" */ = {
			isa = XCConfigurationList;
			buildConfigurations = (
				AE8E65AC2A0110A100DFB1A9 /* Debug */,
				AE8E65AD2A0110A100DFB1A9 /* Release */,
			);
			defaultConfigurationIsVisible = 0;
			defaultConfigurationName = Release;
		};
/* End XCConfigurationList section */

/* Begin XCRemoteSwiftPackageReference section */
		AE7FB83A2A0191ED00BB9E23 /* XCRemoteSwiftPackageReference "R" */ = {
			isa = XCRemoteSwiftPackageReference;
			repositoryURL = "https://github.com/mac-cain13/R.swift";
			requirement = {
				kind = exactVersion;
				version = 7.3.2;
			};
		};
		AECEBB5B2A01746400047F5B /* XCRemoteSwiftPackageReference "KeychainAccess" */ = {
			isa = XCRemoteSwiftPackageReference;
			repositoryURL = "https://github.com/kishikawakatsumi/KeychainAccess";
			requirement = {
				kind = exactVersion;
				version = 4.2.2;
			};
		};
/* End XCRemoteSwiftPackageReference section */

/* Begin XCSwiftPackageProductDependency section */
		AE7FB83B2A0191ED00BB9E23 /* RswiftLibrary */ = {
			isa = XCSwiftPackageProductDependency;
			package = AE7FB83A2A0191ED00BB9E23 /* XCRemoteSwiftPackageReference "R" */;
			productName = RswiftLibrary;
		};
		AE7FB83D2A01924D00BB9E23 /* RswiftGenerateInternalResources */ = {
			isa = XCSwiftPackageProductDependency;
			productName = "plugin:RswiftGenerateInternalResources";
		};
		AECEBB5C2A01746500047F5B /* KeychainAccess */ = {
			isa = XCSwiftPackageProductDependency;
			package = AECEBB5B2A01746400047F5B /* XCRemoteSwiftPackageReference "KeychainAccess" */;
			productName = KeychainAccess;
		};
/* End XCSwiftPackageProductDependency section */
	};
	rootObject = AE8E658F2A01109E00DFB1A9 /* Project object */;
}
